<?xml version="1.0" encoding="utf-8"?>
<Project ToolsVersion="4.0" xmlns="http://schemas.microsoft.com/developer/msbuild/2003">
  <ItemGroup>
    <Filter Include="Source Files">
      <UniqueIdentifier>{11ae1a2c-1cbb-4172-8d0b-e7af2e8e2016}</UniqueIdentifier>
    </Filter>
    <Filter Include="Generated Files">
      <UniqueIdentifier>{78871478-3fa9-4eae-905f-a4c70bb411e6}</UniqueIdentifier>
      <SourceControlFiles>False</SourceControlFiles>
    </Filter>
  </ItemGroup>
  <ItemGroup>
    <None Include="LEDEngineps.def" />
  </ItemGroup>
  <ItemGroup>
    <ClCompile Include="LEDEngine_i.c">
      <Filter>Generated Files</Filter>
    </ClCompile>
    <ClCompile Include="LEDEngine_p.c">
      <Filter>Generated Files</Filter>
    </ClCompile>
    <ClCompile Include="dlldata.c">
      <Filter>Generated Files</Filter>
    </ClCompile>
  </ItemGroup>
</Project>